{
  "version": "4",
  "specifiers": {
    "jsr:@cm-iv/queue@1.0.0": "1.0.0",
    "jsr:@cross/deepmerge@*": "1.0.0",
    "jsr:@henrygd/queue@*": "1.0.6",
    "jsr:@ledger/console-transport@*": "0.0.1",
    "jsr:@std/assert@*": "1.0.6",
    "jsr:@std/async@*": "1.0.6",
    "jsr:@std/async@1.0.5": "1.0.5",
    "jsr:@std/async@1.0.6": "1.0.6",
    "jsr:@std/datetime@*": "0.225.2",
    "jsr:@std/datetime@0.225.2": "0.225.2",
    "jsr:@std/fmt@*": "1.0.2",
    "jsr:@std/fmt@1.0.2": "1.0.2",
    "jsr:@std/internal@*": "1.0.4",
    "jsr:@std/internal@^1.0.4": "1.0.4",
    "npm:string.ify@1.0.64": "1.0.64"
  },
  "jsr": {
    "@cm-iv/queue@1.0.0": {
      "integrity": "0dc1da37987077e765240a73f7164196fca065ce585fcb542f8db50831078f0a"
    },
    "@cross/deepmerge@1.0.0": {
      "integrity": "1e1318a74e31ba1959b9aa0acae8bd417b806f74ffd25ac07c90e12f83ad6b1d"
    },
    "@henrygd/queue@1.0.6": {
      "integrity": "f5ff9ee41b9abcaf1b9f878cae72fdb7a3955740938871228f8cdcb75d037d8f"
    },
    "@ledger/console-transport@0.0.1": {
      "integrity": "22a60ed0050a5ef177f8220abe0623ef00b426b6a9d069e7f8e58f2c49191dfd",
      "dependencies": [
        "jsr:@std/datetime@0.225.2",
        "jsr:@std/fmt@1.0.2",
        "npm:string.ify"
      ]
    },
    "@std/assert@1.0.6": {
      "integrity": "1904c05806a25d94fe791d6d883b685c9e2dcd60e4f9fc30f4fc5cf010c72207",
      "dependencies": [
        "jsr:@std/internal@^1.0.4"
      ]
    },
    "@std/async@1.0.5": {
      "integrity": "31d68214bfbb31bd4c6022401d484e3964147c76c9220098baa703a39b6c2da6"
    },
    "@std/async@1.0.6": {
      "integrity": "6d262156dd35c4a72ee1a2f8679be40264f370cfb92e2e13d4eca2ae05e16f34"
    },
    "@std/datetime@0.225.2": {
      "integrity": "45f0100554a912cd65f48089ef0a33aa1eb6ea21f08090840b539ab582827eaa"
    },
    "@std/fmt@1.0.2": {
      "integrity": "87e9dfcdd3ca7c066e0c3c657c1f987c82888eb8103a3a3baa62684ffeb0f7a7"
    },
    "@std/internal@1.0.4": {
      "integrity": "62e8e4911527e5e4f307741a795c0b0a9e6958d0b3790716ae71ce085f755422"
    }
  },
  "npm": {
    "printable-characters@1.0.42": {
      "integrity": "sha512-dKp+C4iXWK4vVYZmYSd0KBH5F/h1HoZRsbJ82AVKRO3PEo8L4lBS/vLwhVtpwwuYcoIsVY+1JYKR268yn480uQ=="
    },
    "string.bullet@1.0.12": {
      "integrity": "sha512-6+tQyad/ux52N+7wUcjmxeK5TfdeykBBLHQPk8MxUVrk9JwHzJnuxsJzjjpWAuz0x3EmnVGCg0ibMHqez1l/qQ==",
      "dependencies": [
        "printable-characters"
      ]
    },
    "string.ify@1.0.64": {
      "integrity": "sha512-4Aa5yndnuOhE1GV2W3ht4rQ08XHq46JLXmSOv0jeUWEzqliBvm8lAXvt+66np+J9DkoCZikFzTzjXVLRR0F/Xw==",
      "dependencies": [
        "printable-characters",
        "string.bullet"
      ]
    }
  }
}
