{
  "version": "4",
  "specifiers": {
    "jsr:@cm-iv/queue@*": "1.0.0",
    "jsr:@cm-iv/queue@1.0.0": "1.0.0",
    "jsr:@jotsr/delayed@2.1.1": "2.1.1",
    "jsr:@ledger/console-handler@*": "0.0.1",
    "jsr:@std/datetime@0.225.3": "0.225.3",
    "jsr:@std/fmt@1.0.5": "1.0.5",
    "npm:string.ify@1.0.64": "1.0.64"
  },
  "jsr": {
    "@cm-iv/queue@1.0.0": {
      "integrity": "0dc1da37987077e765240a73f7164196fca065ce585fcb542f8db50831078f0a"
    },
    "@jotsr/delayed@2.1.1": {
      "integrity": "b636cc1ae8a2843412738f40c1cf5f117d909bf6986dbce7af945afd363b65b7"
    },
    "@ledger/console-handler@0.0.1": {
      "integrity": "b1fc17ae1a39a27903aff5d4136b703f5a3e3d88246575e82e8b38be0b89c240",
      "dependencies": [
        "jsr:@std/datetime",
        "jsr:@std/fmt",
        "npm:string.ify"
      ]
    },
    "@std/datetime@0.225.3": {
      "integrity": "fda0b7791b43d9a46764986fec39922a8ceb70ffca642651fa7d0683501a171a"
    },
    "@std/fmt@1.0.5": {
      "integrity": "0cfab43364bc36650d83c425cd6d99910fc20c4576631149f0f987eddede1a4d"
    }
  },
  "npm": {
    "printable-characters@1.0.42": {
      "integrity": "sha512-dKp+C4iXWK4vVYZmYSd0KBH5F/h1HoZRsbJ82AVKRO3PEo8L4lBS/vLwhVtpwwuYcoIsVY+1JYKR268yn480uQ=="
    },
    "string.bullet@1.0.12": {
      "integrity": "sha512-6+tQyad/ux52N+7wUcjmxeK5TfdeykBBLHQPk8MxUVrk9JwHzJnuxsJzjjpWAuz0x3EmnVGCg0ibMHqez1l/qQ==",
      "dependencies": [
        "printable-characters"
      ]
    },
    "string.ify@1.0.64": {
      "integrity": "sha512-4Aa5yndnuOhE1GV2W3ht4rQ08XHq46JLXmSOv0jeUWEzqliBvm8lAXvt+66np+J9DkoCZikFzTzjXVLRR0F/Xw==",
      "dependencies": [
        "printable-characters",
        "string.bullet"
      ]
    }
  }
}
